
Microsoft Visual Studio Solution File, Format Version 12.00
# Visual Studio Version 17
VisualStudioVersion = 17.0.31903.59
MinimumVisualStudioVersion = 10.0.40219.1
Project("{FAE04EC0-301F-11D3-BF4B-00C04F79EFBC}") = "Management", "Management\Management.csproj", "{FC5771C2-8752-4871-B0CA-A9C9AC5E4CA5}"
EndProject
Project("{FAE04EC0-301F-11D3-BF4B-00C04F79EFBC}") = "Management.Test", "Management.Test\Management.Test.csproj", "{1C1D51D9-FE2F-47E9-B60F-BAAFBA0808C0}"
EndProject
Project("{FAE04EC0-301F-11D3-BF4B-00C04F79EFBC}") = "Management.Web", "Management.Web\Management.Web.csproj", "{8828A70D-8DAD-4FD0-870A-6437595BCE8F}"
EndProject
Global
	GlobalSection(SolutionConfigurationPlatforms) = preSolution
		Debug|Any CPU = Debug|Any CPU
		Release|Any CPU = Release|Any CPU
	EndGlobalSection
	GlobalSection(SolutionProperties) = preSolution
		HideSolutionNode = FALSE
	EndGlobalSection
	GlobalSection(ProjectConfigurationPlatforms) = postSolution
		{FC5771C2-8752-4871-B0CA-A9C9AC5E4CA5}.Debug|Any CPU.ActiveCfg = Debug|Any CPU
		{FC5771C2-8752-4871-B0CA-A9C9AC5E4CA5}.Debug|Any CPU.Build.0 = Debug|Any CPU
		{FC5771C2-8752-4871-B0CA-A9C9AC5E4CA5}.Release|Any CPU.ActiveCfg = Release|Any CPU
		{FC5771C2-8752-4871-B0CA-A9C9AC5E4CA5}.Release|Any CPU.Build.0 = Release|Any CPU
		{1C1D51D9-FE2F-47E9-B60F-BAAFBA0808C0}.Debug|Any CPU.ActiveCfg = Debug|Any CPU
		{1C1D51D9-FE2F-47E9-B60F-BAAFBA0808C0}.Debug|Any CPU.Build.0 = Debug|Any CPU
		{1C1D51D9-FE2F-47E9-B60F-BAAFBA0808C0}.Release|Any CPU.ActiveCfg = Release|Any CPU
		{1C1D51D9-FE2F-47E9-B60F-BAAFBA0808C0}.Release|Any CPU.Build.0 = Release|Any CPU
		{8828A70D-8DAD-4FD0-870A-6437595BCE8F}.Debug|Any CPU.ActiveCfg = Debug|Any CPU
		{8828A70D-8DAD-4FD0-870A-6437595BCE8F}.Debug|Any CPU.Build.0 = Debug|Any CPU
		{8828A70D-8DAD-4FD0-870A-6437595BCE8F}.Release|Any CPU.ActiveCfg = Release|Any CPU
		{8828A70D-8DAD-4FD0-870A-6437595BCE8F}.Release|Any CPU.Build.0 = Release|Any CPU
	EndGlobalSection
EndGlobal
