
Microsoft Visual Studio Solution File, Format Version 12.00
# Visual Studio Version 17
VisualStudioVersion = 17.0.31903.59
MinimumVisualStudioVersion = 10.0.40219.1
Project("{FAE04EC0-301F-11D3-BF4B-00C04F79EFBC}") = "Management", "Management\Management.csproj", "{35B6CD41-4B43-42F4-929C-32694D1607EA}"
EndProject
Project("{FAE04EC0-301F-11D3-BF4B-00C04F79EFBC}") = "Management.Test", "Management.Test\Management.Test.csproj", "{70AD8D71-7696-48A3-ACA6-C8D2081693F1}"
EndProject
Project("{FAE04EC0-301F-11D3-BF4B-00C04F79EFBC}") = "Management.Web", "Management.Web\Management.Web.csproj", "{1BDBA09F-5CD1-461F-AD2F-2B25CA2CD454}"
EndProject
Global
	GlobalSection(SolutionConfigurationPlatforms) = preSolution
		Debug|Any CPU = Debug|Any CPU
		Release|Any CPU = Release|Any CPU
	EndGlobalSection
	GlobalSection(SolutionProperties) = preSolution
		HideSolutionNode = FALSE
	EndGlobalSection
	GlobalSection(ProjectConfigurationPlatforms) = postSolution
		{35B6CD41-4B43-42F4-929C-32694D1607EA}.Debug|Any CPU.ActiveCfg = Debug|Any CPU
		{35B6CD41-4B43-42F4-929C-32694D1607EA}.Debug|Any CPU.Build.0 = Debug|Any CPU
		{35B6CD41-4B43-42F4-929C-32694D1607EA}.Release|Any CPU.ActiveCfg = Release|Any CPU
		{35B6CD41-4B43-42F4-929C-32694D1607EA}.Release|Any CPU.Build.0 = Release|Any CPU
		{70AD8D71-7696-48A3-ACA6-C8D2081693F1}.Debug|Any CPU.ActiveCfg = Debug|Any CPU
		{70AD8D71-7696-48A3-ACA6-C8D2081693F1}.Debug|Any CPU.Build.0 = Debug|Any CPU
		{70AD8D71-7696-48A3-ACA6-C8D2081693F1}.Release|Any CPU.ActiveCfg = Release|Any CPU
		{70AD8D71-7696-48A3-ACA6-C8D2081693F1}.Release|Any CPU.Build.0 = Release|Any CPU
		{1BDBA09F-5CD1-461F-AD2F-2B25CA2CD454}.Debug|Any CPU.ActiveCfg = Debug|Any CPU
		{1BDBA09F-5CD1-461F-AD2F-2B25CA2CD454}.Debug|Any CPU.Build.0 = Debug|Any CPU
		{1BDBA09F-5CD1-461F-AD2F-2B25CA2CD454}.Release|Any CPU.ActiveCfg = Release|Any CPU
		{1BDBA09F-5CD1-461F-AD2F-2B25CA2CD454}.Release|Any CPU.Build.0 = Release|Any CPU
	EndGlobalSection
EndGlobal
